dependencies:
- name: common
  repository: https://charts.bitnami.com/bitnami
  version: 1.11.3
- name: mysql
  repository: https://charts.bitnami.com/bitnami
  version: 8.8.26
- name: redis
  repository: https://charts.bitnami.com/bitnami
  version: 16.5.2
- name: gitea
  repository: https://dl.gitea.io/charts
  version: 5.0.2
- name: argo-cd
  repository: https://argoproj.github.io/argo-helm
  version: 3.35.4
digest: sha256:c4722bcecd7537dbb325c5019a14092f88919ed1846a17293660b60aa057d391
generated: "2022-03-16T10:31:28.078500766+08:00"
