dependencies:
- name: common
  repository: https://charts.kubegems.io/bitnami
  version: 1.14.1
- name: mysql
  repository: https://charts.kubegems.io/bitnami
  version: 8.9.6
- name: redis
  repository: https://charts.kubegems.io/bitnami
  version: 16.9.11
- name: gitea
  repository: https://charts.kubegems.io/kubegems
  version: 5.0.8
- name: argo-cd
  repository: https://charts.kubegems.io/kubegems
  version: 3.3.5
- name: chartmuseum
  repository: https://charts.kubegems.io/kubegems
  version: 3.8.0
digest: sha256:27de09d649670ed51cb85e3f247ee4d8f0d886d8f2a6177de6a2f75d9133fe98
generated: "2023-07-24T13:23:52.942175556+08:00"
