dependencies:
- name: common
  repository: https://charts.bitnami.com/bitnami
  version: 1.13.0
- name: mysql
  repository: https://charts.bitnami.com/bitnami
  version: 8.9.2
- name: redis
  repository: https://charts.bitnami.com/bitnami
  version: 16.8.7
- name: gitea
  repository: https://dl.gitea.io/charts
  version: 5.0.5
- name: argo-cd
  repository: https://argoproj.github.io/argo-helm
  version: 3.35.4
- name: chartmuseum
  repository: https://chartmuseum.github.io/charts
  version: 3.7.1
digest: sha256:58a93c884aec39673692c7fa761a0bb95d534f62e636e332dd940a7e04bea54f
generated: "2022-04-24T14:04:41.736880355+08:00"
